
Microsoft Visual Studio Solution File, Format Version 12.00
# Visual Studio Version 17
VisualStudioVersion = 17.7.34202.233
MinimumVisualStudioVersion = 10.0.40219.1
Project("{9A19103F-16F7-4668-BE54-9A1E7A4F7556}") = "EducationPlatform.API", "EducationPlatform\EducationPlatform.API.csproj", "{50653BDD-2459-41B0-A6C2-344744AC68D8}"
EndProject
Project("{9A19103F-16F7-4668-BE54-9A1E7A4F7556}") = "EducationPlatform.Core", "EducationPlatform.Core\EducationPlatform.Core.csproj", "{8EF71CD2-A3B7-410D-A2AE-966B79E44B77}"
EndProject
Project("{9A19103F-16F7-4668-BE54-9A1E7A4F7556}") = "EducationPlatform.application", "EducationPlatform.application\EducationPlatform.application.csproj", "{9E8C2875-454B-4667-AF86-7524DFEC429D}"
EndProject
Project("{FAE04EC0-301F-11D3-BF4B-00C04F79EFBC}") = "EducationPlatform.Infraestructure", "EducationPlatform.Infraestructure\EducationPlatform.Infraestructure.csproj", "{2C43D1BC-6CA5-412A-85EF-EF3CC2385FA1}"
EndProject
Global
	GlobalSection(SolutionConfigurationPlatforms) = preSolution
		Debug|Any CPU = Debug|Any CPU
		Release|Any CPU = Release|Any CPU
	EndGlobalSection
	GlobalSection(ProjectConfigurationPlatforms) = postSolution
		{50653BDD-2459-41B0-A6C2-344744AC68D8}.Debug|Any CPU.ActiveCfg = Debug|Any CPU
		{50653BDD-2459-41B0-A6C2-344744AC68D8}.Debug|Any CPU.Build.0 = Debug|Any CPU
		{50653BDD-2459-41B0-A6C2-344744AC68D8}.Release|Any CPU.ActiveCfg = Release|Any CPU
		{50653BDD-2459-41B0-A6C2-344744AC68D8}.Release|Any CPU.Build.0 = Release|Any CPU
		{8EF71CD2-A3B7-410D-A2AE-966B79E44B77}.Debug|Any CPU.ActiveCfg = Debug|Any CPU
		{8EF71CD2-A3B7-410D-A2AE-966B79E44B77}.Debug|Any CPU.Build.0 = Debug|Any CPU
		{8EF71CD2-A3B7-410D-A2AE-966B79E44B77}.Release|Any CPU.ActiveCfg = Release|Any CPU
		{8EF71CD2-A3B7-410D-A2AE-966B79E44B77}.Release|Any CPU.Build.0 = Release|Any CPU
		{9E8C2875-454B-4667-AF86-7524DFEC429D}.Debug|Any CPU.ActiveCfg = Debug|Any CPU
		{9E8C2875-454B-4667-AF86-7524DFEC429D}.Debug|Any CPU.Build.0 = Debug|Any CPU
		{9E8C2875-454B-4667-AF86-7524DFEC429D}.Release|Any CPU.ActiveCfg = Release|Any CPU
		{9E8C2875-454B-4667-AF86-7524DFEC429D}.Release|Any CPU.Build.0 = Release|Any CPU
		{2C43D1BC-6CA5-412A-85EF-EF3CC2385FA1}.Debug|Any CPU.ActiveCfg = Debug|Any CPU
		{2C43D1BC-6CA5-412A-85EF-EF3CC2385FA1}.Debug|Any CPU.Build.0 = Debug|Any CPU
		{2C43D1BC-6CA5-412A-85EF-EF3CC2385FA1}.Release|Any CPU.ActiveCfg = Release|Any CPU
		{2C43D1BC-6CA5-412A-85EF-EF3CC2385FA1}.Release|Any CPU.Build.0 = Release|Any CPU
	EndGlobalSection
	GlobalSection(SolutionProperties) = preSolution
		HideSolutionNode = FALSE
	EndGlobalSection
	GlobalSection(ExtensibilityGlobals) = postSolution
		SolutionGuid = {BA1FCE67-03E4-4688-A9C3-4BC974502BFE}
	EndGlobalSection
EndGlobal
